
Microsoft Visual Studio Solution File, Format Version 12.00
# Visual Studio Version 17
VisualStudioVersion = 17.9.34511.98
MinimumVisualStudioVersion = 10.0.40219.1
Project("{FAE04EC0-301F-11D3-BF4B-00C04F79EFBC}") = "YZmediaService", "YZmediaService\YZmediaService.csproj", "{AB6721D3-1D66-4ED4-A5EF-BB3AE95F1184}"
EndProject
Project("{9A19103F-16F7-4668-BE54-9A1E7A4F7556}") = "CommonLib", "CommonLib\CommonLib.csproj", "{F487711C-F4F2-449D-BCAA-21E2967726FC}"
EndProject
Project("{9A19103F-16F7-4668-BE54-9A1E7A4F7556}") = "DataAccess", "DataAccess\DataAccess.csproj", "{065EB9B4-FDD3-4C9C-9B1D-F9126058E8A8}"
EndProject
Project("{9A19103F-16F7-4668-BE54-9A1E7A4F7556}") = "ObjectInfo", "ObjectInfo\ObjectInfo.csproj", "{57BEBBED-1DFD-4240-8983-E662287E0713}"
EndProject
Global
	GlobalSection(SolutionConfigurationPlatforms) = preSolution
		Debug|Any CPU = Debug|Any CPU
		Release|Any CPU = Release|Any CPU
	EndGlobalSection
	GlobalSection(ProjectConfigurationPlatforms) = postSolution
		{AB6721D3-1D66-4ED4-A5EF-BB3AE95F1184}.Debug|Any CPU.ActiveCfg = Debug|Any CPU
		{AB6721D3-1D66-4ED4-A5EF-BB3AE95F1184}.Debug|Any CPU.Build.0 = Debug|Any CPU
		{AB6721D3-1D66-4ED4-A5EF-BB3AE95F1184}.Release|Any CPU.ActiveCfg = Release|Any CPU
		{AB6721D3-1D66-4ED4-A5EF-BB3AE95F1184}.Release|Any CPU.Build.0 = Release|Any CPU
		{F487711C-F4F2-449D-BCAA-21E2967726FC}.Debug|Any CPU.ActiveCfg = Debug|Any CPU
		{F487711C-F4F2-449D-BCAA-21E2967726FC}.Debug|Any CPU.Build.0 = Debug|Any CPU
		{F487711C-F4F2-449D-BCAA-21E2967726FC}.Release|Any CPU.ActiveCfg = Release|Any CPU
		{F487711C-F4F2-449D-BCAA-21E2967726FC}.Release|Any CPU.Build.0 = Release|Any CPU
		{065EB9B4-FDD3-4C9C-9B1D-F9126058E8A8}.Debug|Any CPU.ActiveCfg = Debug|Any CPU
		{065EB9B4-FDD3-4C9C-9B1D-F9126058E8A8}.Debug|Any CPU.Build.0 = Debug|Any CPU
		{065EB9B4-FDD3-4C9C-9B1D-F9126058E8A8}.Release|Any CPU.ActiveCfg = Release|Any CPU
		{065EB9B4-FDD3-4C9C-9B1D-F9126058E8A8}.Release|Any CPU.Build.0 = Release|Any CPU
		{57BEBBED-1DFD-4240-8983-E662287E0713}.Debug|Any CPU.ActiveCfg = Debug|Any CPU
		{57BEBBED-1DFD-4240-8983-E662287E0713}.Debug|Any CPU.Build.0 = Debug|Any CPU
		{57BEBBED-1DFD-4240-8983-E662287E0713}.Release|Any CPU.ActiveCfg = Release|Any CPU
		{57BEBBED-1DFD-4240-8983-E662287E0713}.Release|Any CPU.Build.0 = Release|Any CPU
	EndGlobalSection
	GlobalSection(SolutionProperties) = preSolution
		HideSolutionNode = FALSE
	EndGlobalSection
	GlobalSection(ExtensibilityGlobals) = postSolution
		SolutionGuid = {7D3FD9EC-C1E2-4517-801D-C28DC89DDCF3}
	EndGlobalSection
EndGlobal
